
Microsoft Visual Studio Solution File, Format Version 12.00
# Visual Studio Version 17
VisualStudioVersion = 17.3.32825.248
MinimumVisualStudioVersion = 10.0.40219.1
Project("{9A19103F-16F7-4668-BE54-9A1E7A4F7556}") = "BusinessObjects", "BusinessObjects\BusinessObjects.csproj", "{20A40E2D-907B-4579-902F-A65C2A060E17}"
EndProject
Project("{9A19103F-16F7-4668-BE54-9A1E7A4F7556}") = "Repositories", "Repositories\Repositories.csproj", "{4714D339-BE6D-4B20-8B1F-C09586C6B8FC}"
EndProject
Project("{9A19103F-16F7-4668-BE54-9A1E7A4F7556}") = "DataAccess", "DataAccess\DataAccess.csproj", "{F5A8F080-4539-42D7-9F80-587A987024EA}"
EndProject
Project("{9A19103F-16F7-4668-BE54-9A1E7A4F7556}") = "StoreManagementAPI", "StoreManagementAPI\StoreManagementAPI.csproj", "{52AFDDE0-ED4A-4BAB-A582-ECC7585715CE}"
EndProject
Project("{FAE04EC0-301F-11D3-BF4B-00C04F79EFBC}") = "StoreManagementWebClient", "StoreManagementWebClient\StoreManagementWebClient.csproj", "{EEBEF2BE-B40D-44E3-BD74-00441B98B79C}"
EndProject
Global
	GlobalSection(SolutionConfigurationPlatforms) = preSolution
		Debug|Any CPU = Debug|Any CPU
		Release|Any CPU = Release|Any CPU
	EndGlobalSection
	GlobalSection(ProjectConfigurationPlatforms) = postSolution
		{20A40E2D-907B-4579-902F-A65C2A060E17}.Debug|Any CPU.ActiveCfg = Debug|Any CPU
		{20A40E2D-907B-4579-902F-A65C2A060E17}.Debug|Any CPU.Build.0 = Debug|Any CPU
		{20A40E2D-907B-4579-902F-A65C2A060E17}.Release|Any CPU.ActiveCfg = Release|Any CPU
		{20A40E2D-907B-4579-902F-A65C2A060E17}.Release|Any CPU.Build.0 = Release|Any CPU
		{4714D339-BE6D-4B20-8B1F-C09586C6B8FC}.Debug|Any CPU.ActiveCfg = Debug|Any CPU
		{4714D339-BE6D-4B20-8B1F-C09586C6B8FC}.Debug|Any CPU.Build.0 = Debug|Any CPU
		{4714D339-BE6D-4B20-8B1F-C09586C6B8FC}.Release|Any CPU.ActiveCfg = Release|Any CPU
		{4714D339-BE6D-4B20-8B1F-C09586C6B8FC}.Release|Any CPU.Build.0 = Release|Any CPU
		{F5A8F080-4539-42D7-9F80-587A987024EA}.Debug|Any CPU.ActiveCfg = Debug|Any CPU
		{F5A8F080-4539-42D7-9F80-587A987024EA}.Debug|Any CPU.Build.0 = Debug|Any CPU
		{F5A8F080-4539-42D7-9F80-587A987024EA}.Release|Any CPU.ActiveCfg = Release|Any CPU
		{F5A8F080-4539-42D7-9F80-587A987024EA}.Release|Any CPU.Build.0 = Release|Any CPU
		{52AFDDE0-ED4A-4BAB-A582-ECC7585715CE}.Debug|Any CPU.ActiveCfg = Debug|Any CPU
		{52AFDDE0-ED4A-4BAB-A582-ECC7585715CE}.Debug|Any CPU.Build.0 = Debug|Any CPU
		{52AFDDE0-ED4A-4BAB-A582-ECC7585715CE}.Release|Any CPU.ActiveCfg = Release|Any CPU
		{52AFDDE0-ED4A-4BAB-A582-ECC7585715CE}.Release|Any CPU.Build.0 = Release|Any CPU
		{EEBEF2BE-B40D-44E3-BD74-00441B98B79C}.Debug|Any CPU.ActiveCfg = Debug|Any CPU
		{EEBEF2BE-B40D-44E3-BD74-00441B98B79C}.Debug|Any CPU.Build.0 = Debug|Any CPU
		{EEBEF2BE-B40D-44E3-BD74-00441B98B79C}.Release|Any CPU.ActiveCfg = Release|Any CPU
		{EEBEF2BE-B40D-44E3-BD74-00441B98B79C}.Release|Any CPU.Build.0 = Release|Any CPU
	EndGlobalSection
	GlobalSection(SolutionProperties) = preSolution
		HideSolutionNode = FALSE
	EndGlobalSection
	GlobalSection(ExtensibilityGlobals) = postSolution
		SolutionGuid = {76B6AEA3-A59D-48E5-83AC-AF5146E9A282}
	EndGlobalSection
EndGlobal
